// !$*UTF8*$!
{
	archiveVersion = 1;
	classes = {
	};
	objectVersion = 54;
	objects = {

/* Begin PBXBuildFile section */
		05700CCD5F0B425F8447EF6E /* KeychainStorage.swift in Sources */ = {isa = PBXBuildFile; fileRef = 62516B6BF572450CB889C38B /* KeychainStorage.swift */; };
		15407DC27C59406DA62DD878 /* AuthManager.swift in Sources */ = {isa = PBXBuildFile; fileRef = 473D3FE77E5C481EBA04E6F8 /* AuthManager.swift */; };
		1F6DD5826DE247E29E1F6D46 /* AnalyticsService.swift in Sources */ = {isa = PBXBuildFile; fileRef = 9C45E286B4D541AB881F67EF /* AnalyticsService.swift */; };
		4B4DDEF42E7F2BCC00A8A7E9 /* GoogleService-Info.plist in Resources */ = {isa = PBXBuildFile; fileRef = 4B4DDEF32E7F2BCC00A8A7E9 /* GoogleService-Info.plist */; };
		4BD7A40E2E9C3AA7009A5A9E /* WelcomeView.swift in Sources */ = {isa = PBXBuildFile; fileRef = 4BD7A4042E9C3AA6009A5A9E /* WelcomeView.swift */; };
		4BD7A40F2E9C3AA7009A5A9E /* VendorRegistrationView.swift in Sources */ = {isa = PBXBuildFile; fileRef = 4BD7A4052E9C3AA6009A5A9E /* VendorRegistrationView.swift */; };
		4BD7A4102E9C3AA7009A5A9E /* ErrorView.swift in Sources */ = {isa = PBXBuildFile; fileRef = 4BD7A4062E9C3AA6009A5A9E /* ErrorView.swift */; };
		4BD7A4112E9C3AA7009A5A9E /* SideMenuView.swift in Sources */ = {isa = PBXBuildFile; fileRef = 4BD7A4072E9C3AA7009A5A9E /* SideMenuView.swift */; };
		4BD7A4122E9C3AA7009A5A9E /* LoginView.swift in Sources */ = {isa = PBXBuildFile; fileRef = 4BD7A4082E9C3AA7009A5A9E /* LoginView.swift */; };
		4BD7A4132E9C3AA7009A5A9E /* VendorBookingsView.swift in Sources */ = {isa = PBXBuildFile; fileRef = 4BD7A4092E9C3AA7009A5A9E /* VendorBookingsView.swift */; };
		4BD7A4142E9C3AA7009A5A9E /* SignupView.swift in Sources */ = {isa = PBXBuildFile; fileRef = 4BD7A40A2E9C3AA7009A5A9E /* SignupView.swift */; };
		4BD7A4152E9C3AA7009A5A9E /* VehicleRegistrationView.swift in Sources */ = {isa = PBXBuildFile; fileRef = 4BD7A40B2E9C3AA7009A5A9E /* VehicleRegistrationView.swift */; };
		4BD7A4162E9C3AA7009A5A9E /* VendorDashboardView.swift in Sources */ = {isa = PBXBuildFile; fileRef = 4BD7A40C2E9C3AA7009A5A9E /* VendorDashboardView.swift */; };
		4BD7A4172E9C3AA7009A5A9E /* AuthView.swift in Sources */ = {isa = PBXBuildFile; fileRef = 4BD7A40D2E9C3AA7009A5A9E /* AuthView.swift */; };
		4BD7A41F2E9C5D4E009A5A9E /* GoogleService-Info.plist in Resources */ = {isa = PBXBuildFile; fileRef = 4BD7A41E2E9C5D4E009A5A9E /* GoogleService-Info.plist */; };
		4BF2F5BC2E905681006BCF46 /* Extensions.swift in Sources */ = {isa = PBXBuildFile; fileRef = 4BF2F5BB2E905681006BCF46 /* Extensions.swift */; };
		4BF2F5BE2E9056A0006BCF46 /* String.swift in Sources */ = {isa = PBXBuildFile; fileRef = 4BF2F5BD2E9056A0006BCF46 /* String.swift */; };
		4BF2F5C82E90572D006BCF46 /* SideMenuView.swift in Sources */ = {isa = PBXBuildFile; fileRef = 4BF2F5BF2E90572C006BCF46 /* SideMenuView.swift */; };
		4BF2F5C92E90572D006BCF46 /* SignupView.swift in Sources */ = {isa = PBXBuildFile; fileRef = 4BF2F5C02E90572C006BCF46 /* SignupView.swift */; };
		4BF2F5CA2E90572D006BCF46 /* AuthView.swift in Sources */ = {isa = PBXBuildFile; fileRef = 4BF2F5C12E90572C006BCF46 /* AuthView.swift */; };
		4BF2F5CB2E90572D006BCF46 /* LoginView.swift in Sources */ = {isa = PBXBuildFile; fileRef = 4BF2F5C22E90572C006BCF46 /* LoginView.swift */; };
		4BF2F5CC2E90572D006BCF46 /* VehicleRegistrationView.swift in Sources */ = {isa = PBXBuildFile; fileRef = 4BF2F5C32E90572C006BCF46 /* VehicleRegistrationView.swift */; };
		4BF2F5CD2E90572D006BCF46 /* WelcomeView.swift in Sources */ = {isa = PBXBuildFile; fileRef = 4BF2F5C42E90572C006BCF46 /* WelcomeView.swift */; };
		4BF2F5CE2E90572D006BCF46 /* VendorDashboardView.swift in Sources */ = {isa = PBXBuildFile; fileRef = 4BF2F5C52E90572C006BCF46 /* VendorDashboardView.swift */; };
		4BF2F5CF2E90572D006BCF46 /* VendorRegistrationView.swift in Sources */ = {isa = PBXBuildFile; fileRef = 4BF2F5C62E90572D006BCF46 /* VendorRegistrationView.swift */; };
		4BF2F5D02E90572D006BCF46 /* ErrorView.swift in Sources */ = {isa = PBXBuildFile; fileRef = 4BF2F5C72E90572D006BCF46 /* ErrorView.swift */; };
		4BF2F5D62E905817006BCF46 /* ContentView.swift in Sources */ = {isa = PBXBuildFile; fileRef = 4BF2F5D12E905817006BCF46 /* ContentView.swift */; };
		4BF2F5D72E905817006BCF46 /* ParkingCardView.swift in Sources */ = {isa = PBXBuildFile; fileRef = 4BF2F5D22E905817006BCF46 /* ParkingCardView.swift */; };
		4BF2F5D82E905817006BCF46 /* SpotAnnotatonView.swift in Sources */ = {isa = PBXBuildFile; fileRef = 4BF2F5D32E905817006BCF46 /* SpotAnnotatonView.swift */; };
		4BF2F5D92E905817006BCF46 /* TopNavigationView.swift in Sources */ = {isa = PBXBuildFile; fileRef = 4BF2F5D42E905817006BCF46 /* TopNavigationView.swift */; };
		4BF2F5DA2E905817006BCF46 /* SearchView.swift in Sources */ = {isa = PBXBuildFile; fileRef = 4BF2F5D52E905817006BCF46 /* SearchView.swift */; };
		4BF2F6042E905872006BCF46 /* ImagePickerHelper.swift in Sources */ = {isa = PBXBuildFile; fileRef = 4BF2F5DC2E905872006BCF46 /* ImagePickerHelper.swift */; };
		4BF2F6052E905872006BCF46 /* FirestoreManager.swift in Sources */ = {isa = PBXBuildFile; fileRef = 4BF2F5DD2E905872006BCF46 /* FirestoreManager.swift */; };
		4BF2F6062E905872006BCF46 /* Extensions.swift in Sources */ = {isa = PBXBuildFile; fileRef = 4BF2F5DF2E905872006BCF46 /* Extensions.swift */; };
		4BF2F6072E905872006BCF46 /* String.swift in Sources */ = {isa = PBXBuildFile; fileRef = 4BF2F5E02E905872006BCF46 /* String.swift */; };
		4BF2F6082E905873006BCF46 /* SpotAnnotatonView.swift in Sources */ = {isa = PBXBuildFile; fileRef = 4BF2F5E22E905872006BCF46 /* SpotAnnotatonView.swift */; };
		4BF2F6092E905873006BCF46 /* SearchView.swift in Sources */ = {isa = PBXBuildFile; fileRef = 4BF2F5E32E905872006BCF46 /* SearchView.swift */; };
		4BF2F60A2E905873006BCF46 /* ParkingCardView.swift in Sources */ = {isa = PBXBuildFile; fileRef = 4BF2F5E42E905872006BCF46 /* ParkingCardView.swift */; };
		4BF2F60B2E905873006BCF46 /* TopNavigationView.swift in Sources */ = {isa = PBXBuildFile; fileRef = 4BF2F5E52E905872006BCF46 /* TopNavigationView.swift */; };
		4BF2F60C2E905873006BCF46 /* ContentView.swift in Sources */ = {isa = PBXBuildFile; fileRef = 4BF2F5E62E905872006BCF46 /* ContentView.swift */; };
		4BF2F60D2E905873006BCF46 /* VendorDashboardView.swift in Sources */ = {isa = PBXBuildFile; fileRef = 4BF2F5E82E905872006BCF46 /* VendorDashboardView.swift */; };
		4BF2F60E2E905873006BCF46 /* VehicleRegistrationView.swift in Sources */ = {isa = PBXBuildFile; fileRef = 4BF2F5E92E905872006BCF46 /* VehicleRegistrationView.swift */; };
		4BF2F60F2E905873006BCF46 /* LoginView.swift in Sources */ = {isa = PBXBuildFile; fileRef = 4BF2F5EA2E905872006BCF46 /* LoginView.swift */; };
		4BF2F6102E905873006BCF46 /* WelcomeView.swift in Sources */ = {isa = PBXBuildFile; fileRef = 4BF2F5EB2E905872006BCF46 /* WelcomeView.swift */; };
		4BF2F6112E905873006BCF46 /* AuthView.swift in Sources */ = {isa = PBXBuildFile; fileRef = 4BF2F5EC2E905872006BCF46 /* AuthView.swift */; };
		4BF2F6122E905873006BCF46 /* SideMenuView.swift in Sources */ = {isa = PBXBuildFile; fileRef = 4BF2F5ED2E905872006BCF46 /* SideMenuView.swift */; };
		4BF2F6132E905873006BCF46 /* SignupView.swift in Sources */ = {isa = PBXBuildFile; fileRef = 4BF2F5EE2E905872006BCF46 /* SignupView.swift */; };
		4BF2F6142E905873006BCF46 /* VendorRegistrationView.swift in Sources */ = {isa = PBXBuildFile; fileRef = 4BF2F5EF2E905872006BCF46 /* VendorRegistrationView.swift */; };
		4BF2F6152E905873006BCF46 /* ErrorView.swift in Sources */ = {isa = PBXBuildFile; fileRef = 4BF2F5F02E905872006BCF46 /* ErrorView.swift */; };
		4BF2F6162E905873006BCF46 /* ParkingLot.swift in Sources */ = {isa = PBXBuildFile; fileRef = 4BF2F5F22E905872006BCF46 /* ParkingLot.swift */; };
		4BF2F6172E905873006BCF46 /* Vehicle.swift in Sources */ = {isa = PBXBuildFile; fileRef = 4BF2F5F32E905872006BCF46 /* Vehicle.swift */; };
		4BF2F6182E905873006BCF46 /* Booking.swift in Sources */ = {isa = PBXBuildFile; fileRef = 4BF2F5F42E905872006BCF46 /* Booking.swift */; };
		4BF2F6192E905873006BCF46 /* UserRole.swift in Sources */ = {isa = PBXBuildFile; fileRef = 4BF2F5F52E905872006BCF46 /* UserRole.swift */; };
		4BF2F61A2E905873006BCF46 /* User.swift in Sources */ = {isa = PBXBuildFile; fileRef = 4BF2F5F62E905872006BCF46 /* User.swift */; };
		4BF2F61B2E905873006BCF46 /* ParkingItem.swift in Sources */ = {isa = PBXBuildFile; fileRef = 4BF2F5F72E905872006BCF46 /* ParkingItem.swift */; };
		4BF2F61C2E905873006BCF46 /* Payment.swift in Sources */ = {isa = PBXBuildFile; fileRef = 4BF2F5F82E905872006BCF46 /* Payment.swift */; };
		4BF2F61D2E905873006BCF46 /* Data.swift in Sources */ = {isa = PBXBuildFile; fileRef = 4BF2F5FA2E905872006BCF46 /* Data.swift */; };
		4BF2F61E2E905873006BCF46 /* ParkingFinder.swift in Sources */ = {isa = PBXBuildFile; fileRef = 4BF2F5FC2E905872006BCF46 /* ParkingFinder.swift */; };
		4BF2F61F2E905873006BCF46 /* InfoItemView.swift in Sources */ = {isa = PBXBuildFile; fileRef = 4BF2F5FE2E905872006BCF46 /* InfoItemView.swift */; };
		4BF2F6202E905873006BCF46 /* ParkingDetailView.swift in Sources */ = {isa = PBXBuildFile; fileRef = 4BF2F5FF2E905872006BCF46 /* ParkingDetailView.swift */; };
		4BF2F6212E905873006BCF46 /* HourChangeView.swift in Sources */ = {isa = PBXBuildFile; fileRef = 4BF2F6002E905872006BCF46 /* HourChangeView.swift */; };
		4BF2F6222E905873006BCF46 /* PaymentView.swift in Sources */ = {isa = PBXBuildFile; fileRef = 4BF2F6012E905872006BCF46 /* PaymentView.swift */; };
		4BF2F6232E905873006BCF46 /* HourSliderView.swift in Sources */ = {isa = PBXBuildFile; fileRef = 4BF2F6022E905872006BCF46 /* HourSliderView.swift */; };
		4BF2F6242E905873006BCF46 /* ParkingInfoView.swift in Sources */ = {isa = PBXBuildFile; fileRef = 4BF2F6032E905872006BCF46 /* ParkingInfoView.swift */; };
		4BFF3AF72BB6727800C02E73 /* FirebaseAnalytics in Frameworks */ = {isa = PBXBuildFile; productRef = 4BFF3AF62BB6727800C02E73 /* FirebaseAnalytics */; };
		4BFF3AF92BB6727800C02E73 /* FirebaseAnalyticsOnDeviceConversion in Frameworks */ = {isa = PBXBuildFile; productRef = 4BFF3AF82BB6727800C02E73 /* FirebaseAnalyticsOnDeviceConversion */; };
		4BFF3AFB2BB6727800C02E73 /* FirebaseAnalyticsSwift in Frameworks */ = {isa = PBXBuildFile; productRef = 4BFF3AFA2BB6727800C02E73 /* FirebaseAnalyticsSwift */; };
		4BFF3AFD2BB6727800C02E73 /* FirebaseAnalyticsWithoutAdIdSupport in Frameworks */ = {isa = PBXBuildFile; productRef = 4BFF3AFC2BB6727800C02E73 /* FirebaseAnalyticsWithoutAdIdSupport */; };
		4BFF3AFF2BB6727800C02E73 /* FirebaseAppCheck in Frameworks */ = {isa = PBXBuildFile; productRef = 4BFF3AFE2BB6727800C02E73 /* FirebaseAppCheck */; };
		4BFF3B012BB6727800C02E73 /* FirebaseAppDistribution-Beta in Frameworks */ = {isa = PBXBuildFile; productRef = 4BFF3B002BB6727800C02E73 /* FirebaseAppDistribution-Beta */; };
		4BFF3B032BB6727800C02E73 /* FirebaseAuth in Frameworks */ = {isa = PBXBuildFile; productRef = 4BFF3B022BB6727800C02E73 /* FirebaseAuth */; };
		4BFF3B052BB6727800C02E73 /* FirebaseAuthCombine-Community in Frameworks */ = {isa = PBXBuildFile; productRef = 4BFF3B042BB6727800C02E73 /* FirebaseAuthCombine-Community */; };
		4BFF3B072BB6727800C02E73 /* FirebaseCrashlytics in Frameworks */ = {isa = PBXBuildFile; productRef = 4BFF3B062BB6727800C02E73 /* FirebaseCrashlytics */; };
		4BFF3B092BB6727800C02E73 /* FirebaseDatabase in Frameworks */ = {isa = PBXBuildFile; productRef = 4BFF3B082BB6727800C02E73 /* FirebaseDatabase */; };
		4BFF3B0B2BB6727800C02E73 /* FirebaseDatabaseSwift in Frameworks */ = {isa = PBXBuildFile; productRef = 4BFF3B0A2BB6727800C02E73 /* FirebaseDatabaseSwift */; };
		4BFF3B0D2BB6727800C02E73 /* FirebaseDynamicLinks in Frameworks */ = {isa = PBXBuildFile; productRef = 4BFF3B0C2BB6727800C02E73 /* FirebaseDynamicLinks */; };
		4BFF3B0F2BB6727800C02E73 /* FirebaseFirestore in Frameworks */ = {isa = PBXBuildFile; productRef = 4BFF3B0E2BB6727800C02E73 /* FirebaseFirestore */; };
		4BFF3B112BB6727800C02E73 /* FirebaseFirestoreCombine-Community in Frameworks */ = {isa = PBXBuildFile; productRef = 4BFF3B102BB6727800C02E73 /* FirebaseFirestoreCombine-Community */; };
		4BFF3B132BB6727800C02E73 /* FirebaseFirestoreSwift in Frameworks */ = {isa = PBXBuildFile; productRef = 4BFF3B122BB6727800C02E73 /* FirebaseFirestoreSwift */; };
		4BFF3B152BB6727800C02E73 /* FirebaseFunctions in Frameworks */ = {isa = PBXBuildFile; productRef = 4BFF3B142BB6727800C02E73 /* FirebaseFunctions */; };
		4BFF3B172BB6727800C02E73 /* FirebaseFunctionsCombine-Community in Frameworks */ = {isa = PBXBuildFile; productRef = 4BFF3B162BB6727800C02E73 /* FirebaseFunctionsCombine-Community */; };
		4BFF3B192BB6727800C02E73 /* FirebaseInAppMessaging-Beta in Frameworks */ = {isa = PBXBuildFile; productRef = 4BFF3B182BB6727800C02E73 /* FirebaseInAppMessaging-Beta */; };
		4BFF3B1B2BB6727800C02E73 /* FirebaseInAppMessagingSwift-Beta in Frameworks */ = {isa = PBXBuildFile; productRef = 4BFF3B1A2BB6727800C02E73 /* FirebaseInAppMessagingSwift-Beta */; };
		4BFF3B1D2BB6727800C02E73 /* FirebaseInstallations in Frameworks */ = {isa = PBXBuildFile; productRef = 4BFF3B1C2BB6727800C02E73 /* FirebaseInstallations */; };
		4BFF3B1F2BB6727800C02E73 /* FirebaseMLModelDownloader in Frameworks */ = {isa = PBXBuildFile; productRef = 4BFF3B1E2BB6727800C02E73 /* FirebaseMLModelDownloader */; };
		4BFF3B212BB6727800C02E73 /* FirebaseMessaging in Frameworks */ = {isa = PBXBuildFile; productRef = 4BFF3B202BB6727800C02E73 /* FirebaseMessaging */; };
		4BFF3B232BB6727800C02E73 /* FirebasePerformance in Frameworks */ = {isa = PBXBuildFile; productRef = 4BFF3B222BB6727800C02E73 /* FirebasePerformance */; };
		4BFF3B252BB6727800C02E73 /* FirebaseRemoteConfig in Frameworks */ = {isa = PBXBuildFile; productRef = 4BFF3B242BB6727800C02E73 /* FirebaseRemoteConfig */; };
		4BFF3B272BB6727800C02E73 /* FirebaseRemoteConfigSwift in Frameworks */ = {isa = PBXBuildFile; productRef = 4BFF3B262BB6727800C02E73 /* FirebaseRemoteConfigSwift */; };
		4BFF3B292BB6727800C02E73 /* FirebaseStorage in Frameworks */ = {isa = PBXBuildFile; productRef = 4BFF3B282BB6727800C02E73 /* FirebaseStorage */; };
		4BFF3B2B2BB6727800C02E73 /* FirebaseStorageCombine-Community in Frameworks */ = {isa = PBXBuildFile; productRef = 4BFF3B2A2BB6727800C02E73 /* FirebaseStorageCombine-Community */; };
		842DDEAA2577C24400B39A31 /* ParkingDetailView.swift in Sources */ = {isa = PBXBuildFile; fileRef = 842DDEA92577C24400B39A31 /* ParkingDetailView.swift */; };
		842DDEAD2577C28E00B39A31 /* ParkingFinder.swift in Sources */ = {isa = PBXBuildFile; fileRef = 842DDEAC2577C28E00B39A31 /* ParkingFinder.swift */; };
		842DDEB02577C2AF00B39A31 /* ParkingItem.swift in Sources */ = {isa = PBXBuildFile; fileRef = 842DDEAF2577C2AF00B39A31 /* ParkingItem.swift */; };
		842DDEB32577C2F100B39A31 /* Data.swift in Sources */ = {isa = PBXBuildFile; fileRef = 842DDEB22577C2F100B39A31 /* Data.swift */; };
		842DDEB62577C33500B39A31 /* SpotAnnotatonView.swift in Sources */ = {isa = PBXBuildFile; fileRef = 842DDEB52577C33500B39A31 /* SpotAnnotatonView.swift */; };
		842DDEBC2577C38000B39A31 /* TopNavigationView.swift in Sources */ = {isa = PBXBuildFile; fileRef = 842DDEBB2577C38000B39A31 /* TopNavigationView.swift */; };
		842DDEBF2577C39B00B39A31 /* ParkingCardView.swift in Sources */ = {isa = PBXBuildFile; fileRef = 842DDEBE2577C39B00B39A31 /* ParkingCardView.swift */; };
		842DDEC22577C40D00B39A31 /* SearchView.swift in Sources */ = {isa = PBXBuildFile; fileRef = 842DDEC12577C40D00B39A31 /* SearchView.swift */; };
		842DDEC72577C44700B39A31 /* ParkingInfoView.swift in Sources */ = {isa = PBXBuildFile; fileRef = 842DDEC62577C44700B39A31 /* ParkingInfoView.swift */; };
		842DDECA2577C46600B39A31 /* InfoItemView.swift in Sources */ = {isa = PBXBuildFile; fileRef = 842DDEC92577C46600B39A31 /* InfoItemView.swift */; };
		842DDECD2577C47A00B39A31 /* HourChangeView.swift in Sources */ = {isa = PBXBuildFile; fileRef = 842DDECC2577C47A00B39A31 /* HourChangeView.swift */; };
		842DDED02577C49000B39A31 /* HourSliderView.swift in Sources */ = {isa = PBXBuildFile; fileRef = 842DDECF2577C49000B39A31 /* HourSliderView.swift */; };
		842DDED32577C4AC00B39A31 /* PaymentView.swift in Sources */ = {isa = PBXBuildFile; fileRef = 842DDED22577C4AC00B39A31 /* PaymentView.swift */; };
		84E0BD552544496F00438F06 /* ParkingAppApp.swift in Sources */ = {isa = PBXBuildFile; fileRef = 84E0BD542544496F00438F06 /* ParkingAppApp.swift */; };
		84E0BD572544496F00438F06 /* ContentView.swift in Sources */ = {isa = PBXBuildFile; fileRef = 84E0BD562544496F00438F06 /* ContentView.swift */; };
		84E0BD592544497200438F06 /* Assets.xcassets in Resources */ = {isa = PBXBuildFile; fileRef = 84E0BD582544497200438F06 /* Assets.xcassets */; };
		84E0BD5C2544497200438F06 /* Preview Assets.xcassets in Resources */ = {isa = PBXBuildFile; fileRef = 84E0BD5B2544497200438F06 /* Preview Assets.xcassets */; };
		C7B97AC460A24280A9E50A21 /* CrashLogger.swift in Sources */ = {isa = PBXBuildFile; fileRef = 4A5D6A0EF0094EF0B0714780 /* CrashLogger.swift */; };
/* End PBXBuildFile section */

/* Begin PBXFileReference section */
		473D3FE77E5C481EBA04E6F8 /* AuthManager.swift */ = {isa = PBXFileReference; fileEncoding = 4; lastKnownFileType = sourcecode.swift; path = AuthManager.swift; sourceTree = "<group>"; };
		4A5D6A0EF0094EF0B0714780 /* CrashLogger.swift */ = {isa = PBXFileReference; fileEncoding = 4; lastKnownFileType = sourcecode.swift; path = CrashLogger.swift; sourceTree = "<group>"; };
		4B4DDEF32E7F2BCC00A8A7E9 /* GoogleService-Info.plist */ = {isa = PBXFileReference; fileEncoding = 4; lastKnownFileType = text.plist.xml; path = "GoogleService-Info.plist"; sourceTree = "<group>"; };
		4BD7A4042E9C3AA6009A5A9E /* WelcomeView.swift */ = {isa = PBXFileReference; fileEncoding = 4; lastKnownFileType = sourcecode.swift; path = WelcomeView.swift; sourceTree = "<group>"; };
		4BD7A4052E9C3AA6009A5A9E /* VendorRegistrationView.swift */ = {isa = PBXFileReference; fileEncoding = 4; lastKnownFileType = sourcecode.swift; path = VendorRegistrationView.swift; sourceTree = "<group>"; };
		4BD7A4062E9C3AA6009A5A9E /* ErrorView.swift */ = {isa = PBXFileReference; fileEncoding = 4; lastKnownFileType = sourcecode.swift; path = ErrorView.swift; sourceTree = "<group>"; };
		4BD7A4072E9C3AA7009A5A9E /* SideMenuView.swift */ = {isa = PBXFileReference; fileEncoding = 4; lastKnownFileType = sourcecode.swift; path = SideMenuView.swift; sourceTree = "<group>"; };
		4BD7A4082E9C3AA7009A5A9E /* LoginView.swift */ = {isa = PBXFileReference; fileEncoding = 4; lastKnownFileType = sourcecode.swift; path = LoginView.swift; sourceTree = "<group>"; };
		4BD7A4092E9C3AA7009A5A9E /* VendorBookingsView.swift */ = {isa = PBXFileReference; fileEncoding = 4; lastKnownFileType = sourcecode.swift; path = VendorBookingsView.swift; sourceTree = "<group>"; };
		4BD7A40A2E9C3AA7009A5A9E /* SignupView.swift */ = {isa = PBXFileReference; fileEncoding = 4; lastKnownFileType = sourcecode.swift; path = SignupView.swift; sourceTree = "<group>"; };
		4BD7A40B2E9C3AA7009A5A9E /* VehicleRegistrationView.swift */ = {isa = PBXFileReference; fileEncoding = 4; lastKnownFileType = sourcecode.swift; path = VehicleRegistrationView.swift; sourceTree = "<group>"; };
		4BD7A40C2E9C3AA7009A5A9E /* VendorDashboardView.swift */ = {isa = PBXFileReference; fileEncoding = 4; lastKnownFileType = sourcecode.swift; path = VendorDashboardView.swift; sourceTree = "<group>"; };
		4BD7A40D2E9C3AA7009A5A9E /* AuthView.swift */ = {isa = PBXFileReference; fileEncoding = 4; lastKnownFileType = sourcecode.swift; path = AuthView.swift; sourceTree = "<group>"; };
		4BD7A41E2E9C5D4E009A5A9E /* GoogleService-Info.plist */ = {isa = PBXFileReference; fileEncoding = 4; lastKnownFileType = text.plist.xml; path = "GoogleService-Info.plist"; sourceTree = "<group>"; };
		4BF2F5BB2E905681006BCF46 /* Extensions.swift */ = {isa = PBXFileReference; fileEncoding = 4; lastKnownFileType = sourcecode.swift; path = Extensions.swift; sourceTree = "<group>"; };
		4BF2F5BD2E9056A0006BCF46 /* String.swift */ = {isa = PBXFileReference; fileEncoding = 4; lastKnownFileType = sourcecode.swift; path = String.swift; sourceTree = "<group>"; };
		4BF2F5BF2E90572C006BCF46 /* SideMenuView.swift */ = {isa = PBXFileReference; fileEncoding = 4; lastKnownFileType = sourcecode.swift; path = SideMenuView.swift; sourceTree = "<group>"; };
		4BF2F5C02E90572C006BCF46 /* SignupView.swift */ = {isa = PBXFileReference; fileEncoding = 4; lastKnownFileType = sourcecode.swift; path = SignupView.swift; sourceTree = "<group>"; };
		4BF2F5C12E90572C006BCF46 /* AuthView.swift */ = {isa = PBXFileReference; fileEncoding = 4; lastKnownFileType = sourcecode.swift; path = AuthView.swift; sourceTree = "<group>"; };
		4BF2F5C22E90572C006BCF46 /* LoginView.swift */ = {isa = PBXFileReference; fileEncoding = 4; lastKnownFileType = sourcecode.swift; path = LoginView.swift; sourceTree = "<group>"; };
		4BF2F5C32E90572C006BCF46 /* VehicleRegistrationView.swift */ = {isa = PBXFileReference; fileEncoding = 4; lastKnownFileType = sourcecode.swift; path = VehicleRegistrationView.swift; sourceTree = "<group>"; };
		4BF2F5C42E90572C006BCF46 /* WelcomeView.swift */ = {isa = PBXFileReference; fileEncoding = 4; lastKnownFileType = sourcecode.swift; path = WelcomeView.swift; sourceTree = "<group>"; };
		4BF2F5C52E90572C006BCF46 /* VendorDashboardView.swift */ = {isa = PBXFileReference; fileEncoding = 4; lastKnownFileType = sourcecode.swift; path = VendorDashboardView.swift; sourceTree = "<group>"; };
		4BF2F5C62E90572D006BCF46 /* VendorRegistrationView.swift */ = {isa = PBXFileReference; fileEncoding = 4; lastKnownFileType = sourcecode.swift; path = VendorRegistrationView.swift; sourceTree = "<group>"; };
		4BF2F5C72E90572D006BCF46 /* ErrorView.swift */ = {isa = PBXFileReference; fileEncoding = 4; lastKnownFileType = sourcecode.swift; path = ErrorView.swift; sourceTree = "<group>"; };
		4BF2F5D12E905817006BCF46 /* ContentView.swift */ = {isa = PBXFileReference; fileEncoding = 4; lastKnownFileType = sourcecode.swift; path = ContentView.swift; sourceTree = "<group>"; };
		4BF2F5D22E905817006BCF46 /* ParkingCardView.swift */ = {isa = PBXFileReference; fileEncoding = 4; lastKnownFileType = sourcecode.swift; path = ParkingCardView.swift; sourceTree = "<group>"; };
		4BF2F5D32E905817006BCF46 /* SpotAnnotatonView.swift */ = {isa = PBXFileReference; fileEncoding = 4; lastKnownFileType = sourcecode.swift; path = SpotAnnotatonView.swift; sourceTree = "<group>"; };
		4BF2F5D42E905817006BCF46 /* TopNavigationView.swift */ = {isa = PBXFileReference; fileEncoding = 4; lastKnownFileType = sourcecode.swift; path = TopNavigationView.swift; sourceTree = "<group>"; };
		4BF2F5D52E905817006BCF46 /* SearchView.swift */ = {isa = PBXFileReference; fileEncoding = 4; lastKnownFileType = sourcecode.swift; path = SearchView.swift; sourceTree = "<group>"; };
		4BF2F5DC2E905872006BCF46 /* ImagePickerHelper.swift */ = {isa = PBXFileReference; fileEncoding = 4; lastKnownFileType = sourcecode.swift; path = ImagePickerHelper.swift; sourceTree = "<group>"; };
		4BF2F5DD2E905872006BCF46 /* FirestoreManager.swift */ = {isa = PBXFileReference; fileEncoding = 4; lastKnownFileType = sourcecode.swift; path = FirestoreManager.swift; sourceTree = "<group>"; };
		4BF2F5DF2E905872006BCF46 /* Extensions.swift */ = {isa = PBXFileReference; fileEncoding = 4; lastKnownFileType = sourcecode.swift; path = Extensions.swift; sourceTree = "<group>"; };
		4BF2F5E02E905872006BCF46 /* String.swift */ = {isa = PBXFileReference; fileEncoding = 4; lastKnownFileType = sourcecode.swift; path = String.swift; sourceTree = "<group>"; };
		4BF2F5E22E905872006BCF46 /* SpotAnnotatonView.swift */ = {isa = PBXFileReference; fileEncoding = 4; lastKnownFileType = sourcecode.swift; path = SpotAnnotatonView.swift; sourceTree = "<group>"; };
		4BF2F5E32E905872006BCF46 /* SearchView.swift */ = {isa = PBXFileReference; fileEncoding = 4; lastKnownFileType = sourcecode.swift; path = SearchView.swift; sourceTree = "<group>"; };
		4BF2F5E42E905872006BCF46 /* ParkingCardView.swift */ = {isa = PBXFileReference; fileEncoding = 4; lastKnownFileType = sourcecode.swift; path = ParkingCardView.swift; sourceTree = "<group>"; };
		4BF2F5E52E905872006BCF46 /* TopNavigationView.swift */ = {isa = PBXFileReference; fileEncoding = 4; lastKnownFileType = sourcecode.swift; path = TopNavigationView.swift; sourceTree = "<group>"; };
		4BF2F5E62E905872006BCF46 /* ContentView.swift */ = {isa = PBXFileReference; fileEncoding = 4; lastKnownFileType = sourcecode.swift; path = ContentView.swift; sourceTree = "<group>"; };
		4BF2F5E82E905872006BCF46 /* VendorDashboardView.swift */ = {isa = PBXFileReference; fileEncoding = 4; lastKnownFileType = sourcecode.swift; path = VendorDashboardView.swift; sourceTree = "<group>"; };
		4BF2F5E92E905872006BCF46 /* VehicleRegistrationView.swift */ = {isa = PBXFileReference; fileEncoding = 4; lastKnownFileType = sourcecode.swift; path = VehicleRegistrationView.swift; sourceTree = "<group>"; };
		4BF2F5EA2E905872006BCF46 /* LoginView.swift */ = {isa = PBXFileReference; fileEncoding = 4; lastKnownFileType = sourcecode.swift; path = LoginView.swift; sourceTree = "<group>"; };
		4BF2F5EB2E905872006BCF46 /* WelcomeView.swift */ = {isa = PBXFileReference; fileEncoding = 4; lastKnownFileType = sourcecode.swift; path = WelcomeView.swift; sourceTree = "<group>"; };
		4BF2F5EC2E905872006BCF46 /* AuthView.swift */ = {isa = PBXFileReference; fileEncoding = 4; lastKnownFileType = sourcecode.swift; path = AuthView.swift; sourceTree = "<group>"; };
		4BF2F5ED2E905872006BCF46 /* SideMenuView.swift */ = {isa = PBXFileReference; fileEncoding = 4; lastKnownFileType = sourcecode.swift; path = SideMenuView.swift; sourceTree = "<group>"; };
		4BF2F5EE2E905872006BCF46 /* SignupView.swift */ = {isa = PBXFileReference; fileEncoding = 4; lastKnownFileType = sourcecode.swift; path = SignupView.swift; sourceTree = "<group>"; };
		4BF2F5EF2E905872006BCF46 /* VendorRegistrationView.swift */ = {isa = PBXFileReference; fileEncoding = 4; lastKnownFileType = sourcecode.swift; path = VendorRegistrationView.swift; sourceTree = "<group>"; };
		4BF2F5F02E905872006BCF46 /* ErrorView.swift */ = {isa = PBXFileReference; fileEncoding = 4; lastKnownFileType = sourcecode.swift; path = ErrorView.swift; sourceTree = "<group>"; };
		4BF2F5F22E905872006BCF46 /* ParkingLot.swift */ = {isa = PBXFileReference; fileEncoding = 4; lastKnownFileType = sourcecode.swift; path = ParkingLot.swift; sourceTree = "<group>"; };
		4BF2F5F32E905872006BCF46 /* Vehicle.swift */ = {isa = PBXFileReference; fileEncoding = 4; lastKnownFileType = sourcecode.swift; path = Vehicle.swift; sourceTree = "<group>"; };
		4BF2F5F42E905872006BCF46 /* Booking.swift */ = {isa = PBXFileReference; fileEncoding = 4; lastKnownFileType = sourcecode.swift; path = Booking.swift; sourceTree = "<group>"; };
		4BF2F5F52E905872006BCF46 /* UserRole.swift */ = {isa = PBXFileReference; fileEncoding = 4; lastKnownFileType = sourcecode.swift; path = UserRole.swift; sourceTree = "<group>"; };
		4BF2F5F62E905872006BCF46 /* User.swift */ = {isa = PBXFileReference; fileEncoding = 4; lastKnownFileType = sourcecode.swift; path = User.swift; sourceTree = "<group>"; };
		4BF2F5F72E905872006BCF46 /* ParkingItem.swift */ = {isa = PBXFileReference; fileEncoding = 4; lastKnownFileType = sourcecode.swift; path = ParkingItem.swift; sourceTree = "<group>"; };
		4BF2F5F82E905872006BCF46 /* Payment.swift */ = {isa = PBXFileReference; fileEncoding = 4; lastKnownFileType = sourcecode.swift; path = Payment.swift; sourceTree = "<group>"; };
		4BF2F5FA2E905872006BCF46 /* Data.swift */ = {isa = PBXFileReference; fileEncoding = 4; lastKnownFileType = sourcecode.swift; path = Data.swift; sourceTree = "<group>"; };
		4BF2F5FC2E905872006BCF46 /* ParkingFinder.swift */ = {isa = PBXFileReference; fileEncoding = 4; lastKnownFileType = sourcecode.swift; path = ParkingFinder.swift; sourceTree = "<group>"; };
		4BF2F5FE2E905872006BCF46 /* InfoItemView.swift */ = {isa = PBXFileReference; fileEncoding = 4; lastKnownFileType = sourcecode.swift; path = InfoItemView.swift; sourceTree = "<group>"; };
		4BF2F5FF2E905872006BCF46 /* ParkingDetailView.swift */ = {isa = PBXFileReference; fileEncoding = 4; lastKnownFileType = sourcecode.swift; path = ParkingDetailView.swift; sourceTree = "<group>"; };
		4BF2F6002E905872006BCF46 /* HourChangeView.swift */ = {isa = PBXFileReference; fileEncoding = 4; lastKnownFileType = sourcecode.swift; path = HourChangeView.swift; sourceTree = "<group>"; };
		4BF2F6012E905872006BCF46 /* PaymentView.swift */ = {isa = PBXFileReference; fileEncoding = 4; lastKnownFileType = sourcecode.swift; path = PaymentView.swift; sourceTree = "<group>"; };
		4BF2F6022E905872006BCF46 /* HourSliderView.swift */ = {isa = PBXFileReference; fileEncoding = 4; lastKnownFileType = sourcecode.swift; path = HourSliderView.swift; sourceTree = "<group>"; };
		4BF2F6032E905872006BCF46 /* ParkingInfoView.swift */ = {isa = PBXFileReference; fileEncoding = 4; lastKnownFileType = sourcecode.swift; path = ParkingInfoView.swift; sourceTree = "<group>"; };
		62516B6BF572450CB889C38B /* KeychainStorage.swift */ = {isa = PBXFileReference; fileEncoding = 4; lastKnownFileType = sourcecode.swift; path = KeychainStorage.swift; sourceTree = "<group>"; };
		842DDEA92577C24400B39A31 /* ParkingDetailView.swift */ = {isa = PBXFileReference; lastKnownFileType = sourcecode.swift; path = ParkingDetailView.swift; sourceTree = "<group>"; };
		842DDEAC2577C28E00B39A31 /* ParkingFinder.swift */ = {isa = PBXFileReference; lastKnownFileType = sourcecode.swift; path = ParkingFinder.swift; sourceTree = "<group>"; };
		842DDEAF2577C2AF00B39A31 /* ParkingItem.swift */ = {isa = PBXFileReference; lastKnownFileType = sourcecode.swift; path = ParkingItem.swift; sourceTree = "<group>"; };
		842DDEB22577C2F100B39A31 /* Data.swift */ = {isa = PBXFileReference; lastKnownFileType = sourcecode.swift; path = Data.swift; sourceTree = "<group>"; };
		842DDEB52577C33500B39A31 /* SpotAnnotatonView.swift */ = {isa = PBXFileReference; lastKnownFileType = sourcecode.swift; path = SpotAnnotatonView.swift; sourceTree = "<group>"; };
		842DDEBB2577C38000B39A31 /* TopNavigationView.swift */ = {isa = PBXFileReference; lastKnownFileType = sourcecode.swift; path = TopNavigationView.swift; sourceTree = "<group>"; };
		842DDEBE2577C39B00B39A31 /* ParkingCardView.swift */ = {isa = PBXFileReference; lastKnownFileType = sourcecode.swift; path = ParkingCardView.swift; sourceTree = "<group>"; };
		842DDEC12577C40D00B39A31 /* SearchView.swift */ = {isa = PBXFileReference; lastKnownFileType = sourcecode.swift; path = SearchView.swift; sourceTree = "<group>"; };
		842DDEC62577C44700B39A31 /* ParkingInfoView.swift */ = {isa = PBXFileReference; lastKnownFileType = sourcecode.swift; path = ParkingInfoView.swift; sourceTree = "<group>"; };
		842DDEC92577C46600B39A31 /* InfoItemView.swift */ = {isa = PBXFileReference; lastKnownFileType = sourcecode.swift; path = InfoItemView.swift; sourceTree = "<group>"; };
		842DDECC2577C47A00B39A31 /* HourChangeView.swift */ = {isa = PBXFileReference; lastKnownFileType = sourcecode.swift; path = HourChangeView.swift; sourceTree = "<group>"; };
		842DDECF2577C49000B39A31 /* HourSliderView.swift */ = {isa = PBXFileReference; lastKnownFileType = sourcecode.swift; path = HourSliderView.swift; sourceTree = "<group>"; };
		842DDED22577C4AC00B39A31 /* PaymentView.swift */ = {isa = PBXFileReference; lastKnownFileType = sourcecode.swift; path = PaymentView.swift; sourceTree = "<group>"; };
		84E0BD512544496F00438F06 /* ParkingApp.app */ = {isa = PBXFileReference; explicitFileType = wrapper.application; includeInIndex = 0; path = ParkingApp.app; sourceTree = BUILT_PRODUCTS_DIR; };
		84E0BD542544496F00438F06 /* ParkingAppApp.swift */ = {isa = PBXFileReference; lastKnownFileType = sourcecode.swift; path = ParkingAppApp.swift; sourceTree = "<group>"; };
		84E0BD562544496F00438F06 /* ContentView.swift */ = {isa = PBXFileReference; lastKnownFileType = sourcecode.swift; path = ContentView.swift; sourceTree = "<group>"; };
		84E0BD582544497200438F06 /* Assets.xcassets */ = {isa = PBXFileReference; lastKnownFileType = folder.assetcatalog; path = Assets.xcassets; sourceTree = "<group>"; };
		84E0BD5B2544497200438F06 /* Preview Assets.xcassets */ = {isa = PBXFileReference; lastKnownFileType = folder.assetcatalog; path = "Preview Assets.xcassets"; sourceTree = "<group>"; };
		84E0BD5D2544497200438F06 /* Info.plist */ = {isa = PBXFileReference; lastKnownFileType = text.plist.xml; path = Info.plist; sourceTree = "<group>"; };
		9C45E286B4D541AB881F67EF /* AnalyticsService.swift */ = {isa = PBXFileReference; fileEncoding = 4; lastKnownFileType = sourcecode.swift; path = AnalyticsService.swift; sourceTree = "<group>"; };
/* End PBXFileReference section */

/* Begin PBXFrameworksBuildPhase section */
		84E0BD4E2544496F00438F06 /* Frameworks */ = {
			isa = PBXFrameworksBuildPhase;
			buildActionMask = 2147483647;
			files = (
				4BFF3B092BB6727800C02E73 /* FirebaseDatabase in Frameworks */,
				4BFF3B172BB6727800C02E73 /* FirebaseFunctionsCombine-Community in Frameworks */,
				4BFF3B0F2BB6727800C02E73 /* FirebaseFirestore in Frameworks */,
				4BFF3AFB2BB6727800C02E73 /* FirebaseAnalyticsSwift in Frameworks */,
				4BFF3AF72BB6727800C02E73 /* FirebaseAnalytics in Frameworks */,
				4BFF3AF92BB6727800C02E73 /* FirebaseAnalyticsOnDeviceConversion in Frameworks */,
				4BFF3B1F2BB6727800C02E73 /* FirebaseMLModelDownloader in Frameworks */,
				4BFF3B132BB6727800C02E73 /* FirebaseFirestoreSwift in Frameworks */,
				4BFF3AFF2BB6727800C02E73 /* FirebaseAppCheck in Frameworks */,
				4BFF3AFD2BB6727800C02E73 /* FirebaseAnalyticsWithoutAdIdSupport in Frameworks */,
				4BFF3B032BB6727800C02E73 /* FirebaseAuth in Frameworks */,
				4BFF3B072BB6727800C02E73 /* FirebaseCrashlytics in Frameworks */,
				4BFF3B272BB6727800C02E73 /* FirebaseRemoteConfigSwift in Frameworks */,
				4BFF3B192BB6727800C02E73 /* FirebaseInAppMessaging-Beta in Frameworks */,
				4BFF3B0B2BB6727800C02E73 /* FirebaseDatabaseSwift in Frameworks */,
				4BFF3B152BB6727800C02E73 /* FirebaseFunctions in Frameworks */,
				4BFF3B2B2BB6727800C02E73 /* FirebaseStorageCombine-Community in Frameworks */,
				4BFF3B252BB6727800C02E73 /* FirebaseRemoteConfig in Frameworks */,
				4BFF3B012BB6727800C02E73 /* FirebaseAppDistribution-Beta in Frameworks */,
				4BFF3B052BB6727800C02E73 /* FirebaseAuthCombine-Community in Frameworks */,
				4BFF3B232BB6727800C02E73 /* FirebasePerformance in Frameworks */,
				4BFF3B1B2BB6727800C02E73 /* FirebaseInAppMessagingSwift-Beta in Frameworks */,
				4BFF3B292BB6727800C02E73 /* FirebaseStorage in Frameworks */,
				4BFF3B0D2BB6727800C02E73 /* FirebaseDynamicLinks in Frameworks */,
				4BFF3B112BB6727800C02E73 /* FirebaseFirestoreCombine-Community in Frameworks */,
				4BFF3B212BB6727800C02E73 /* FirebaseMessaging in Frameworks */,
				4BFF3B1D2BB6727800C02E73 /* FirebaseInstallations in Frameworks */,
			);
			runOnlyForDeploymentPostprocessing = 0;
		};
/* End PBXFrameworksBuildPhase section */

/* Begin PBXGroup section */
		4BB1A85D2BB820B600094489 /* Views */ = {
			isa = PBXGroup;
			children = (
				4BF2F5C12E90572C006BCF46 /* AuthView.swift */,
				4BF2F5C72E90572D006BCF46 /* ErrorView.swift */,
				4BF2F5C22E90572C006BCF46 /* LoginView.swift */,
				4BF2F5BF2E90572C006BCF46 /* SideMenuView.swift */,
				4BF2F5C02E90572C006BCF46 /* SignupView.swift */,
				4BF2F5C32E90572C006BCF46 /* VehicleRegistrationView.swift */,
				4BF2F5C52E90572C006BCF46 /* VendorDashboardView.swift */,
				4BF2F5C62E90572D006BCF46 /* VendorRegistrationView.swift */,
				4BF2F5C42E90572C006BCF46 /* WelcomeView.swift */,
			);
			path = Views;
			sourceTree = "<group>";
		};
		4BB1A8642BB8215100094489 /* Extensions */ = {
			isa = PBXGroup;
			children = (
				4BF2F5BB2E905681006BCF46 /* Extensions.swift */,
				4BF2F5BD2E9056A0006BCF46 /* String.swift */,
			);
			path = Extensions;
			sourceTree = "<group>";
		};
		4BF2F5DB2E905872006BCF46 /* Services */ = {
			isa = PBXGroup;
			children = (
				4BF2F5DC2E905872006BCF46 /* ImagePickerHelper.swift */,
				4BF2F5DD2E905872006BCF46 /* FirestoreManager.swift */,
				473D3FE77E5C481EBA04E6F8 /* AuthManager.swift */,
				62516B6BF572450CB889C38B /* KeychainStorage.swift */,
				9C45E286B4D541AB881F67EF /* AnalyticsService.swift */,
				4A5D6A0EF0094EF0B0714780 /* CrashLogger.swift */,
			);
			path = Services;
			sourceTree = "<group>";
		};
		4BF2F5DE2E905872006BCF46 /* Extensions */ = {
			isa = PBXGroup;
			children = (
				4BF2F5DF2E905872006BCF46 /* Extensions.swift */,
				4BF2F5E02E905872006BCF46 /* String.swift */,
			);
			path = Extensions;
			sourceTree = "<group>";
		};
		4BF2F5E12E905872006BCF46 /* SpotsView */ = {
			isa = PBXGroup;
			children = (
				4BF2F5E22E905872006BCF46 /* SpotAnnotatonView.swift */,
				4BF2F5E32E905872006BCF46 /* SearchView.swift */,
				4BF2F5E42E905872006BCF46 /* ParkingCardView.swift */,
				4BF2F5E52E905872006BCF46 /* TopNavigationView.swift */,
				4BF2F5E62E905872006BCF46 /* ContentView.swift */,
			);
			path = SpotsView;
			sourceTree = "<group>";
		};
		4BF2F5E72E905872006BCF46 /* Views */ = {
			isa = PBXGroup;
			children = (
				4BD7A40D2E9C3AA7009A5A9E /* AuthView.swift */,
				4BD7A4062E9C3AA6009A5A9E /* ErrorView.swift */,
				4BD7A4082E9C3AA7009A5A9E /* LoginView.swift */,
				4BD7A4072E9C3AA7009A5A9E /* SideMenuView.swift */,
				4BD7A40A2E9C3AA7009A5A9E /* SignupView.swift */,
				4BD7A40B2E9C3AA7009A5A9E /* VehicleRegistrationView.swift */,
				4BD7A4092E9C3AA7009A5A9E /* VendorBookingsView.swift */,
				4BD7A40C2E9C3AA7009A5A9E /* VendorDashboardView.swift */,
				4BD7A4052E9C3AA6009A5A9E /* VendorRegistrationView.swift */,
				4BD7A4042E9C3AA6009A5A9E /* WelcomeView.swift */,
				4BF2F5E82E905872006BCF46 /* VendorDashboardView.swift */,
				4BF2F5E92E905872006BCF46 /* VehicleRegistrationView.swift */,
				4BF2F5EA2E905872006BCF46 /* LoginView.swift */,
				4BF2F5EB2E905872006BCF46 /* WelcomeView.swift */,
				4BF2F5EC2E905872006BCF46 /* AuthView.swift */,
				4BF2F5ED2E905872006BCF46 /* SideMenuView.swift */,
				4BF2F5EE2E905872006BCF46 /* SignupView.swift */,
				4BF2F5EF2E905872006BCF46 /* VendorRegistrationView.swift */,
				4BF2F5F02E905872006BCF46 /* ErrorView.swift */,
			);
			path = Views;
			sourceTree = "<group>";
		};
		4BF2F5F12E905872006BCF46 /* Model */ = {
			isa = PBXGroup;
			children = (
				4BF2F5F22E905872006BCF46 /* ParkingLot.swift */,
				4BF2F5F32E905872006BCF46 /* Vehicle.swift */,
				4BF2F5F42E905872006BCF46 /* Booking.swift */,
				4BF2F5F52E905872006BCF46 /* UserRole.swift */,
				4BF2F5F62E905872006BCF46 /* User.swift */,
				4BF2F5F72E905872006BCF46 /* ParkingItem.swift */,
				4BF2F5F82E905872006BCF46 /* Payment.swift */,
			);
			path = Model;
			sourceTree = "<group>";
		};
		4BF2F5F92E905872006BCF46 /* Data */ = {
			isa = PBXGroup;
			children = (
				4BF2F5FA2E905872006BCF46 /* Data.swift */,
			);
			path = Data;
			sourceTree = "<group>";
		};
		4BF2F5FB2E905872006BCF46 /* ViewModel */ = {
			isa = PBXGroup;
			children = (
				4BF2F5FC2E905872006BCF46 /* ParkingFinder.swift */,
			);
			path = ViewModel;
			sourceTree = "<group>";
		};
		4BF2F5FD2E905872006BCF46 /* DetailView */ = {
			isa = PBXGroup;
			children = (
				4BF2F5FE2E905872006BCF46 /* InfoItemView.swift */,
				4BF2F5FF2E905872006BCF46 /* ParkingDetailView.swift */,
				4BF2F6002E905872006BCF46 /* HourChangeView.swift */,
				4BF2F6012E905872006BCF46 /* PaymentView.swift */,
				4BF2F6022E905872006BCF46 /* HourSliderView.swift */,
				4BF2F6032E905872006BCF46 /* ParkingInfoView.swift */,
			);
			path = DetailView;
			sourceTree = "<group>";
		};
		842DDEB82577C34700B39A31 /* SpotsView */ = {
			isa = PBXGroup;
			children = (
				4BF2F5D12E905817006BCF46 /* ContentView.swift */,
				4BF2F5D22E905817006BCF46 /* ParkingCardView.swift */,
				4BF2F5D52E905817006BCF46 /* SearchView.swift */,
				4BF2F5D32E905817006BCF46 /* SpotAnnotatonView.swift */,
				4BF2F5D42E905817006BCF46 /* TopNavigationView.swift */,
				84E0BD562544496F00438F06 /* ContentView.swift */,
				842DDEB52577C33500B39A31 /* SpotAnnotatonView.swift */,
				842DDEBB2577C38000B39A31 /* TopNavigationView.swift */,
				842DDEBE2577C39B00B39A31 /* ParkingCardView.swift */,
				842DDEC12577C40D00B39A31 /* SearchView.swift */,
			);
			path = SpotsView;
			sourceTree = "<group>";
		};
		842DDEC42577C42C00B39A31 /* DetailView */ = {
			isa = PBXGroup;
			children = (
				842DDEA92577C24400B39A31 /* ParkingDetailView.swift */,
				842DDED22577C4AC00B39A31 /* PaymentView.swift */,
				842DDECF2577C49000B39A31 /* HourSliderView.swift */,
				842DDECC2577C47A00B39A31 /* HourChangeView.swift */,
				842DDEC92577C46600B39A31 /* InfoItemView.swift */,
				842DDEC62577C44700B39A31 /* ParkingInfoView.swift */,
			);
			path = DetailView;
			sourceTree = "<group>";
		};
		842DDED52577C4C100B39A31 /* ViewModel */ = {
			isa = PBXGroup;
			children = (
				842DDEAC2577C28E00B39A31 /* ParkingFinder.swift */,
			);
			path = ViewModel;
			sourceTree = "<group>";
		};
		842DDED72577C4CC00B39A31 /* Data */ = {
			isa = PBXGroup;
			children = (
				842DDEB22577C2F100B39A31 /* Data.swift */,
			);
			path = Data;
			sourceTree = "<group>";
		};
		842DDED92577C4D400B39A31 /* Model */ = {
			isa = PBXGroup;
			children = (
				842DDEAF2577C2AF00B39A31 /* ParkingItem.swift */,
			);
			path = Model;
			sourceTree = "<group>";
		};
		84E0BD482544496F00438F06 = {
			isa = PBXGroup;
			children = (
				84E0BD532544496F00438F06 /* ParkingApp */,
				84E0BD522544496F00438F06 /* Products */,
			);
			sourceTree = "<group>";
		};
		84E0BD522544496F00438F06 /* Products */ = {
			isa = PBXGroup;
			children = (
				84E0BD512544496F00438F06 /* ParkingApp.app */,
			);
			name = Products;
			sourceTree = "<group>";
		};
		84E0BD532544496F00438F06 /* ParkingApp */ = {
			isa = PBXGroup;
			children = (
				4B4DDEF32E7F2BCC00A8A7E9 /* GoogleService-Info.plist */,
				4BD7A41E2E9C5D4E009A5A9E /* GoogleService-Info.plist */,
				84E0BD542544496F00438F06 /* ParkingAppApp.swift */,
				4BF2F5F92E905872006BCF46 /* Data */,
				4BF2F5FD2E905872006BCF46 /* DetailView */,
				4BB1A8642BB8215100094489 /* Extensions */,
				4BF2F5FB2E905872006BCF46 /* ViewModel */,
				4BB1A85D2BB820B600094489 /* Views */,
				842DDEB82577C34700B39A31 /* SpotsView */,
				842DDEC42577C42C00B39A31 /* DetailView */,
				842DDED52577C4C100B39A31 /* ViewModel */,
				842DDED72577C4CC00B39A31 /* Data */,
				842DDED92577C4D400B39A31 /* Model */,
				4BF2F5DE2E905872006BCF46 /* Extensions */,
				4BF2F5F12E905872006BCF46 /* Model */,
				4BF2F5DB2E905872006BCF46 /* Services */,
				4BF2F5E12E905872006BCF46 /* SpotsView */,
				4BF2F5E72E905872006BCF46 /* Views */,
				84E0BD582544497200438F06 /* Assets.xcassets */,
				84E0BD5D2544497200438F06 /* Info.plist */,
				84E0BD5A2544497200438F06 /* Preview Content */,
			);
			path = ParkingApp;
			sourceTree = "<group>";
		};
		84E0BD5A2544497200438F06 /* Preview Content */ = {
			isa = PBXGroup;
			children = (
				84E0BD5B2544497200438F06 /* Preview Assets.xcassets */,
			);
			path = "Preview Content";
			sourceTree = "<group>";
		};
/* End PBXGroup section */

/* Begin PBXNativeTarget section */
		84E0BD502544496F00438F06 /* ParkingApp */ = {
			isa = PBXNativeTarget;
			buildConfigurationList = 84E0BD602544497200438F06 /* Build configuration list for PBXNativeTarget "ParkingApp" */;
			buildPhases = (
				84E0BD4D2544496F00438F06 /* Sources */,
				84E0BD4E2544496F00438F06 /* Frameworks */,
				84E0BD4F2544496F00438F06 /* Resources */,
			);
			buildRules = (
			);
			dependencies = (
			);
			name = ParkingApp;
			packageProductDependencies = (
				4BFF3AF62BB6727800C02E73 /* FirebaseAnalytics */,
				4BFF3AF82BB6727800C02E73 /* FirebaseAnalyticsOnDeviceConversion */,
				4BFF3AFA2BB6727800C02E73 /* FirebaseAnalyticsSwift */,
				4BFF3AFC2BB6727800C02E73 /* FirebaseAnalyticsWithoutAdIdSupport */,
				4BFF3AFE2BB6727800C02E73 /* FirebaseAppCheck */,
				4BFF3B002BB6727800C02E73 /* FirebaseAppDistribution-Beta */,
				4BFF3B022BB6727800C02E73 /* FirebaseAuth */,
				4BFF3B042BB6727800C02E73 /* FirebaseAuthCombine-Community */,
				4BFF3B062BB6727800C02E73 /* FirebaseCrashlytics */,
				4BFF3B082BB6727800C02E73 /* FirebaseDatabase */,
				4BFF3B0A2BB6727800C02E73 /* FirebaseDatabaseSwift */,
				4BFF3B0C2BB6727800C02E73 /* FirebaseDynamicLinks */,
				4BFF3B0E2BB6727800C02E73 /* FirebaseFirestore */,
				4BFF3B102BB6727800C02E73 /* FirebaseFirestoreCombine-Community */,
				4BFF3B122BB6727800C02E73 /* FirebaseFirestoreSwift */,
				4BFF3B142BB6727800C02E73 /* FirebaseFunctions */,
				4BFF3B162BB6727800C02E73 /* FirebaseFunctionsCombine-Community */,
				4BFF3B182BB6727800C02E73 /* FirebaseInAppMessaging-Beta */,
				4BFF3B1A2BB6727800C02E73 /* FirebaseInAppMessagingSwift-Beta */,
				4BFF3B1C2BB6727800C02E73 /* FirebaseInstallations */,
				4BFF3B1E2BB6727800C02E73 /* FirebaseMLModelDownloader */,
				4BFF3B202BB6727800C02E73 /* FirebaseMessaging */,
				4BFF3B222BB6727800C02E73 /* FirebasePerformance */,
				4BFF3B242BB6727800C02E73 /* FirebaseRemoteConfig */,
				4BFF3B262BB6727800C02E73 /* FirebaseRemoteConfigSwift */,
				4BFF3B282BB6727800C02E73 /* FirebaseStorage */,
				4BFF3B2A2BB6727800C02E73 /* FirebaseStorageCombine-Community */,
			);
			productName = ParkingApp;
			productReference = 84E0BD512544496F00438F06 /* ParkingApp.app */;
			productType = "com.apple.product-type.application";
		};
/* End PBXNativeTarget section */

/* Begin PBXProject section */
		84E0BD492544496F00438F06 /* Project object */ = {
			isa = PBXProject;
			attributes = {
				LastSwiftUpdateCheck = 1200;
				LastUpgradeCheck = 1200;
				TargetAttributes = {
					84E0BD502544496F00438F06 = {
						CreatedOnToolsVersion = 12.0.1;
					};
				};
			};
			buildConfigurationList = 84E0BD4C2544496F00438F06 /* Build configuration list for PBXProject "ParkingApp" */;
			compatibilityVersion = "Xcode 9.3";
			developmentRegion = en;
			hasScannedForEncodings = 0;
			knownRegions = (
				en,
				Base,
			);
			mainGroup = 84E0BD482544496F00438F06;
			packageReferences = (
				4BFF3AF52BB6727800C02E73 /* XCRemoteSwiftPackageReference "firebase-ios-sdk" */,
			);
			productRefGroup = 84E0BD522544496F00438F06 /* Products */;
			projectDirPath = "";
			projectRoot = "";
			targets = (
				84E0BD502544496F00438F06 /* ParkingApp */,
			);
		};
/* End PBXProject section */

/* Begin PBXResourcesBuildPhase section */
		84E0BD4F2544496F00438F06 /* Resources */ = {
			isa = PBXResourcesBuildPhase;
			buildActionMask = 2147483647;
			files = (
				84E0BD5C2544497200438F06 /* Preview Assets.xcassets in Resources */,
				4BD7A41F2E9C5D4E009A5A9E /* GoogleService-Info.plist in Resources */,
				84E0BD592544497200438F06 /* Assets.xcassets in Resources */,
				4B4DDEF42E7F2BCC00A8A7E9 /* GoogleService-Info.plist in Resources */,
			);
			runOnlyForDeploymentPostprocessing = 0;
		};
/* End PBXResourcesBuildPhase section */

/* Begin PBXSourcesBuildPhase section */
		84E0BD4D2544496F00438F06 /* Sources */ = {
			isa = PBXSourcesBuildPhase;
			buildActionMask = 2147483647;
			files = (
				4BF2F6122E905873006BCF46 /* SideMenuView.swift in Sources */,
				842DDEC22577C40D00B39A31 /* SearchView.swift in Sources */,
				4BF2F6082E905873006BCF46 /* SpotAnnotatonView.swift in Sources */,
				842DDEBC2577C38000B39A31 /* TopNavigationView.swift in Sources */,
				4BF2F60D2E905873006BCF46 /* VendorDashboardView.swift in Sources */,
				4BF2F6182E905873006BCF46 /* Booking.swift in Sources */,
				4BF2F5CD2E90572D006BCF46 /* WelcomeView.swift in Sources */,
				4BF2F6212E905873006BCF46 /* HourChangeView.swift in Sources */,
				4BF2F5C82E90572D006BCF46 /* SideMenuView.swift in Sources */,
				4BD7A4142E9C3AA7009A5A9E /* SignupView.swift in Sources */,
				4BF2F60A2E905873006BCF46 /* ParkingCardView.swift in Sources */,
				4BD7A40E2E9C3AA7009A5A9E /* WelcomeView.swift in Sources */,
				842DDEB02577C2AF00B39A31 /* ParkingItem.swift in Sources */,
				4BF2F60F2E905873006BCF46 /* LoginView.swift in Sources */,
				842DDEBF2577C39B00B39A31 /* ParkingCardView.swift in Sources */,
				842DDEB32577C2F100B39A31 /* Data.swift in Sources */,
				4BF2F5CF2E90572D006BCF46 /* VendorRegistrationView.swift in Sources */,
				84E0BD572544496F00438F06 /* ContentView.swift in Sources */,
				4BD7A40F2E9C3AA7009A5A9E /* VendorRegistrationView.swift in Sources */,
				4BF2F6132E905873006BCF46 /* SignupView.swift in Sources */,
				4BF2F61D2E905873006BCF46 /* Data.swift in Sources */,
				84E0BD552544496F00438F06 /* ParkingAppApp.swift in Sources */,
				4BF2F6222E905873006BCF46 /* PaymentView.swift in Sources */,
				4BF2F6232E905873006BCF46 /* HourSliderView.swift in Sources */,
				4BF2F6052E905872006BCF46 /* FirestoreManager.swift in Sources */,
				15407DC27C59406DA62DD878 /* AuthManager.swift in Sources */,
				05700CCD5F0B425F8447EF6E /* KeychainStorage.swift in Sources */,
				1F6DD5826DE247E29E1F6D46 /* AnalyticsService.swift in Sources */,
				C7B97AC460A24280A9E50A21 /* CrashLogger.swift in Sources */,
				4BF2F5D82E905817006BCF46 /* SpotAnnotatonView.swift in Sources */,
				4BF2F6202E905873006BCF46 /* ParkingDetailView.swift in Sources */,
				4BF2F60B2E905873006BCF46 /* TopNavigationView.swift in Sources */,
				4BF2F5CC2E90572D006BCF46 /* VehicleRegistrationView.swift in Sources */,
				842DDEAD2577C28E00B39A31 /* ParkingFinder.swift in Sources */,
				842DDEB62577C33500B39A31 /* SpotAnnotatonView.swift in Sources */,
				4BF2F5BE2E9056A0006BCF46 /* String.swift in Sources */,
				4BF2F5DA2E905817006BCF46 /* SearchView.swift in Sources */,
				4BF2F6172E905873006BCF46 /* Vehicle.swift in Sources */,
				4BF2F5D62E905817006BCF46 /* ContentView.swift in Sources */,
				4BF2F5CB2E90572D006BCF46 /* LoginView.swift in Sources */,
				842DDEC72577C44700B39A31 /* ParkingInfoView.swift in Sources */,
				4BD7A4102E9C3AA7009A5A9E /* ErrorView.swift in Sources */,
				4BF2F6142E905873006BCF46 /* VendorRegistrationView.swift in Sources */,
				4BD7A4112E9C3AA7009A5A9E /* SideMenuView.swift in Sources */,
				4BF2F6242E905873006BCF46 /* ParkingInfoView.swift in Sources */,
				4BD7A4162E9C3AA7009A5A9E /* VendorDashboardView.swift in Sources */,
				4BF2F61C2E905873006BCF46 /* Payment.swift in Sources */,
				4BF2F6042E905872006BCF46 /* ImagePickerHelper.swift in Sources */,
				4BF2F6112E905873006BCF46 /* AuthView.swift in Sources */,
				4BF2F61A2E905873006BCF46 /* User.swift in Sources */,
				4BF2F5CE2E90572D006BCF46 /* VendorDashboardView.swift in Sources */,
				4BD7A4152E9C3AA7009A5A9E /* VehicleRegistrationView.swift in Sources */,
				4BF2F6092E905873006BCF46 /* SearchView.swift in Sources */,
				4BF2F61B2E905873006BCF46 /* ParkingItem.swift in Sources */,
				4BF2F6152E905873006BCF46 /* ErrorView.swift in Sources */,
				4BF2F60C2E905873006BCF46 /* ContentView.swift in Sources */,
				4BF2F60E2E905873006BCF46 /* VehicleRegistrationView.swift in Sources */,
				4BF2F5CA2E90572D006BCF46 /* AuthView.swift in Sources */,
				4BF2F5BC2E905681006BCF46 /* Extensions.swift in Sources */,
				842DDECD2577C47A00B39A31 /* HourChangeView.swift in Sources */,
				842DDEAA2577C24400B39A31 /* ParkingDetailView.swift in Sources */,
				4BD7A4122E9C3AA7009A5A9E /* LoginView.swift in Sources */,
				842DDECA2577C46600B39A31 /* InfoItemView.swift in Sources */,
				842DDED32577C4AC00B39A31 /* PaymentView.swift in Sources */,
				4BF2F5D02E90572D006BCF46 /* ErrorView.swift in Sources */,
				4BF2F6162E905873006BCF46 /* ParkingLot.swift in Sources */,
				4BF2F5D92E905817006BCF46 /* TopNavigationView.swift in Sources */,
				4BF2F5D72E905817006BCF46 /* ParkingCardView.swift in Sources */,
				4BD7A4172E9C3AA7009A5A9E /* AuthView.swift in Sources */,
				4BF2F6102E905873006BCF46 /* WelcomeView.swift in Sources */,
				4BF2F6062E905872006BCF46 /* Extensions.swift in Sources */,
				4BF2F6072E905872006BCF46 /* String.swift in Sources */,
				4BF2F61F2E905873006BCF46 /* InfoItemView.swift in Sources */,
				842DDED02577C49000B39A31 /* HourSliderView.swift in Sources */,
				4BF2F6192E905873006BCF46 /* UserRole.swift in Sources */,
				4BF2F61E2E905873006BCF46 /* ParkingFinder.swift in Sources */,
				4BD7A4132E9C3AA7009A5A9E /* VendorBookingsView.swift in Sources */,
				4BF2F5C92E90572D006BCF46 /* SignupView.swift in Sources */,
			);
			runOnlyForDeploymentPostprocessing = 0;
		};
/* End PBXSourcesBuildPhase section */

/* Begin XCBuildConfiguration section */
		84E0BD5E2544497200438F06 /* Debug */ = {
			isa = XCBuildConfiguration;
			buildSettings = {
				ALWAYS_SEARCH_USER_PATHS = NO;
				CLANG_ANALYZER_NONNULL = YES;
				CLANG_ANALYZER_NUMBER_OBJECT_CONVERSION = YES_AGGRESSIVE;
				CLANG_CXX_LANGUAGE_STANDARD = "gnu++14";
				CLANG_CXX_LIBRARY = "libc++";
				CLANG_ENABLE_MODULES = YES;
				CLANG_ENABLE_OBJC_ARC = YES;
				CLANG_ENABLE_OBJC_WEAK = YES;
				CLANG_WARN_BLOCK_CAPTURE_AUTORELEASING = YES;
				CLANG_WARN_BOOL_CONVERSION = YES;
				CLANG_WARN_COMMA = YES;
				CLANG_WARN_CONSTANT_CONVERSION = YES;
				CLANG_WARN_DEPRECATED_OBJC_IMPLEMENTATIONS = YES;
				CLANG_WARN_DIRECT_OBJC_ISA_USAGE = YES_ERROR;
				CLANG_WARN_DOCUMENTATION_COMMENTS = YES;
				CLANG_WARN_EMPTY_BODY = YES;
				CLANG_WARN_ENUM_CONVERSION = YES;
				CLANG_WARN_INFINITE_RECURSION = YES;
				CLANG_WARN_INT_CONVERSION = YES;
				CLANG_WARN_NON_LITERAL_NULL_CONVERSION = YES;
				CLANG_WARN_OBJC_IMPLICIT_RETAIN_SELF = YES;
				CLANG_WARN_OBJC_LITERAL_CONVERSION = YES;
				CLANG_WARN_OBJC_ROOT_CLASS = YES_ERROR;
				CLANG_WARN_QUOTED_INCLUDE_IN_FRAMEWORK_HEADER = YES;
				CLANG_WARN_RANGE_LOOP_ANALYSIS = YES;
				CLANG_WARN_STRICT_PROTOTYPES = YES;
				CLANG_WARN_SUSPICIOUS_MOVE = YES;
				CLANG_WARN_UNGUARDED_AVAILABILITY = YES_AGGRESSIVE;
				CLANG_WARN_UNREACHABLE_CODE = YES;
				CLANG_WARN__DUPLICATE_METHOD_MATCH = YES;
				COPY_PHASE_STRIP = NO;
				DEBUG_INFORMATION_FORMAT = dwarf;
				ENABLE_STRICT_OBJC_MSGSEND = YES;
				ENABLE_TESTABILITY = YES;
				GCC_C_LANGUAGE_STANDARD = gnu11;
				GCC_DYNAMIC_NO_PIC = NO;
				GCC_NO_COMMON_BLOCKS = YES;
				GCC_OPTIMIZATION_LEVEL = 0;
				GCC_PREPROCESSOR_DEFINITIONS = (
					"DEBUG=1",
					"$(inherited)",
				);
				GCC_WARN_64_TO_32_BIT_CONVERSION = YES;
				GCC_WARN_ABOUT_RETURN_TYPE = YES_ERROR;
				GCC_WARN_UNDECLARED_SELECTOR = YES;
				GCC_WARN_UNINITIALIZED_AUTOS = YES_AGGRESSIVE;
				GCC_WARN_UNUSED_FUNCTION = YES;
				GCC_WARN_UNUSED_VARIABLE = YES;
				IPHONEOS_DEPLOYMENT_TARGET = 15.0;
				MTL_ENABLE_DEBUG_INFO = INCLUDE_SOURCE;
				MTL_FAST_MATH = YES;
				ONLY_ACTIVE_ARCH = YES;
				SDKROOT = iphoneos;
				SWIFT_ACTIVE_COMPILATION_CONDITIONS = DEBUG;
				SWIFT_OPTIMIZATION_LEVEL = "-Onone";
			};
			name = Debug;
		};
		84E0BD5F2544497200438F06 /* Release */ = {
			isa = XCBuildConfiguration;
			buildSettings = {
				ALWAYS_SEARCH_USER_PATHS = NO;
				CLANG_ANALYZER_NONNULL = YES;
				CLANG_ANALYZER_NUMBER_OBJECT_CONVERSION = YES_AGGRESSIVE;
				CLANG_CXX_LANGUAGE_STANDARD = "gnu++14";
				CLANG_CXX_LIBRARY = "libc++";
				CLANG_ENABLE_MODULES = YES;
				CLANG_ENABLE_OBJC_ARC = YES;
				CLANG_ENABLE_OBJC_WEAK = YES;
				CLANG_WARN_BLOCK_CAPTURE_AUTORELEASING = YES;
				CLANG_WARN_BOOL_CONVERSION = YES;
				CLANG_WARN_COMMA = YES;
				CLANG_WARN_CONSTANT_CONVERSION = YES;
				CLANG_WARN_DEPRECATED_OBJC_IMPLEMENTATIONS = YES;
				CLANG_WARN_DIRECT_OBJC_ISA_USAGE = YES_ERROR;
				CLANG_WARN_DOCUMENTATION_COMMENTS = YES;
				CLANG_WARN_EMPTY_BODY = YES;
				CLANG_WARN_ENUM_CONVERSION = YES;
				CLANG_WARN_INFINITE_RECURSION = YES;
				CLANG_WARN_INT_CONVERSION = YES;
				CLANG_WARN_NON_LITERAL_NULL_CONVERSION = YES;
				CLANG_WARN_OBJC_IMPLICIT_RETAIN_SELF = YES;
				CLANG_WARN_OBJC_LITERAL_CONVERSION = YES;
				CLANG_WARN_OBJC_ROOT_CLASS = YES_ERROR;
				CLANG_WARN_QUOTED_INCLUDE_IN_FRAMEWORK_HEADER = YES;
				CLANG_WARN_RANGE_LOOP_ANALYSIS = YES;
				CLANG_WARN_STRICT_PROTOTYPES = YES;
				CLANG_WARN_SUSPICIOUS_MOVE = YES;
				CLANG_WARN_UNGUARDED_AVAILABILITY = YES_AGGRESSIVE;
				CLANG_WARN_UNREACHABLE_CODE = YES;
				CLANG_WARN__DUPLICATE_METHOD_MATCH = YES;
				COPY_PHASE_STRIP = NO;
				DEBUG_INFORMATION_FORMAT = "dwarf-with-dsym";
				ENABLE_NS_ASSERTIONS = NO;
				ENABLE_STRICT_OBJC_MSGSEND = YES;
				GCC_C_LANGUAGE_STANDARD = gnu11;
				GCC_NO_COMMON_BLOCKS = YES;
				GCC_WARN_64_TO_32_BIT_CONVERSION = YES;
				GCC_WARN_ABOUT_RETURN_TYPE = YES_ERROR;
				GCC_WARN_UNDECLARED_SELECTOR = YES;
				GCC_WARN_UNINITIALIZED_AUTOS = YES_AGGRESSIVE;
				GCC_WARN_UNUSED_FUNCTION = YES;
				GCC_WARN_UNUSED_VARIABLE = YES;
				IPHONEOS_DEPLOYMENT_TARGET = 15.0;
				MTL_ENABLE_DEBUG_INFO = NO;
				MTL_FAST_MATH = YES;
				SDKROOT = iphoneos;
				SWIFT_COMPILATION_MODE = wholemodule;
				SWIFT_OPTIMIZATION_LEVEL = "-O";
				VALIDATE_PRODUCT = YES;
			};
			name = Release;
		};
		84E0BD612544497200438F06 /* Debug */ = {
			isa = XCBuildConfiguration;
			buildSettings = {
				ASSETCATALOG_COMPILER_APPICON_NAME = AppIcon;
				ASSETCATALOG_COMPILER_GLOBAL_ACCENT_COLOR_NAME = AccentColor;
				CODE_SIGN_STYLE = Automatic;
				DEVELOPMENT_ASSET_PATHS = "\"ParkingApp/Preview Content\"";
				DEVELOPMENT_TEAM = 838UP2BKV4;
				ENABLE_PREVIEWS = YES;
				INFOPLIST_FILE = ParkingApp/Info.plist;
				IPHONEOS_DEPLOYMENT_TARGET = 15.0;
				LD_RUNPATH_SEARCH_PATHS = (
					"$(inherited)",
					"@executable_path/Frameworks",
				);
				PRODUCT_BUNDLE_IDENTIFIER = com.sarthakvadhel.ParkingApp;
				PRODUCT_NAME = "$(TARGET_NAME)";
				SWIFT_VERSION = 5.0;
				TARGETED_DEVICE_FAMILY = "1,2";
			};
			name = Debug;
		};
		84E0BD622544497200438F06 /* Release */ = {
			isa = XCBuildConfiguration;
			buildSettings = {
				ASSETCATALOG_COMPILER_APPICON_NAME = AppIcon;
				ASSETCATALOG_COMPILER_GLOBAL_ACCENT_COLOR_NAME = AccentColor;
				CODE_SIGN_STYLE = Automatic;
				DEVELOPMENT_ASSET_PATHS = "\"ParkingApp/Preview Content\"";
				DEVELOPMENT_TEAM = 838UP2BKV4;
				ENABLE_PREVIEWS = YES;
				INFOPLIST_FILE = ParkingApp/Info.plist;
				IPHONEOS_DEPLOYMENT_TARGET = 15.0;
				LD_RUNPATH_SEARCH_PATHS = (
					"$(inherited)",
					"@executable_path/Frameworks",
				);
				PRODUCT_BUNDLE_IDENTIFIER = com.sarthakvadhel.ParkingApp;
				PRODUCT_NAME = "$(TARGET_NAME)";
				SWIFT_VERSION = 5.0;
				TARGETED_DEVICE_FAMILY = "1,2";
			};
			name = Release;
		};
/* End XCBuildConfiguration section */

/* Begin XCConfigurationList section */
		84E0BD4C2544496F00438F06 /* Build configuration list for PBXProject "ParkingApp" */ = {
			isa = XCConfigurationList;
			buildConfigurations = (
				84E0BD5E2544497200438F06 /* Debug */,
				84E0BD5F2544497200438F06 /* Release */,
			);
			defaultConfigurationIsVisible = 0;
			defaultConfigurationName = Release;
		};
		84E0BD602544497200438F06 /* Build configuration list for PBXNativeTarget "ParkingApp" */ = {
			isa = XCConfigurationList;
			buildConfigurations = (
				84E0BD612544497200438F06 /* Debug */,
				84E0BD622544497200438F06 /* Release */,
			);
			defaultConfigurationIsVisible = 0;
			defaultConfigurationName = Release;
		};
/* End XCConfigurationList section */

/* Begin XCRemoteSwiftPackageReference section */
		4BFF3AF52BB6727800C02E73 /* XCRemoteSwiftPackageReference "firebase-ios-sdk" */ = {
			isa = XCRemoteSwiftPackageReference;
			repositoryURL = "https://github.com/firebase/firebase-ios-sdk";
			requirement = {
				kind = upToNextMajorVersion;
				minimumVersion = 10.23.1;
			};
		};
/* End XCRemoteSwiftPackageReference section */

/* Begin XCSwiftPackageProductDependency section */
		4BFF3AF62BB6727800C02E73 /* FirebaseAnalytics */ = {
			isa = XCSwiftPackageProductDependency;
			package = 4BFF3AF52BB6727800C02E73 /* XCRemoteSwiftPackageReference "firebase-ios-sdk" */;
			productName = FirebaseAnalytics;
		};
		4BFF3AF82BB6727800C02E73 /* FirebaseAnalyticsOnDeviceConversion */ = {
			isa = XCSwiftPackageProductDependency;
			package = 4BFF3AF52BB6727800C02E73 /* XCRemoteSwiftPackageReference "firebase-ios-sdk" */;
			productName = FirebaseAnalyticsOnDeviceConversion;
		};
		4BFF3AFA2BB6727800C02E73 /* FirebaseAnalyticsSwift */ = {
			isa = XCSwiftPackageProductDependency;
			package = 4BFF3AF52BB6727800C02E73 /* XCRemoteSwiftPackageReference "firebase-ios-sdk" */;
			productName = FirebaseAnalyticsSwift;
		};
		4BFF3AFC2BB6727800C02E73 /* FirebaseAnalyticsWithoutAdIdSupport */ = {
			isa = XCSwiftPackageProductDependency;
			package = 4BFF3AF52BB6727800C02E73 /* XCRemoteSwiftPackageReference "firebase-ios-sdk" */;
			productName = FirebaseAnalyticsWithoutAdIdSupport;
		};
		4BFF3AFE2BB6727800C02E73 /* FirebaseAppCheck */ = {
			isa = XCSwiftPackageProductDependency;
			package = 4BFF3AF52BB6727800C02E73 /* XCRemoteSwiftPackageReference "firebase-ios-sdk" */;
			productName = FirebaseAppCheck;
		};
		4BFF3B002BB6727800C02E73 /* FirebaseAppDistribution-Beta */ = {
			isa = XCSwiftPackageProductDependency;
			package = 4BFF3AF52BB6727800C02E73 /* XCRemoteSwiftPackageReference "firebase-ios-sdk" */;
			productName = "FirebaseAppDistribution-Beta";
		};
		4BFF3B022BB6727800C02E73 /* FirebaseAuth */ = {
			isa = XCSwiftPackageProductDependency;
			package = 4BFF3AF52BB6727800C02E73 /* XCRemoteSwiftPackageReference "firebase-ios-sdk" */;
			productName = FirebaseAuth;
		};
		4BFF3B042BB6727800C02E73 /* FirebaseAuthCombine-Community */ = {
			isa = XCSwiftPackageProductDependency;
			package = 4BFF3AF52BB6727800C02E73 /* XCRemoteSwiftPackageReference "firebase-ios-sdk" */;
			productName = "FirebaseAuthCombine-Community";
		};
		4BFF3B062BB6727800C02E73 /* FirebaseCrashlytics */ = {
			isa = XCSwiftPackageProductDependency;
			package = 4BFF3AF52BB6727800C02E73 /* XCRemoteSwiftPackageReference "firebase-ios-sdk" */;
			productName = FirebaseCrashlytics;
		};
		4BFF3B082BB6727800C02E73 /* FirebaseDatabase */ = {
			isa = XCSwiftPackageProductDependency;
			package = 4BFF3AF52BB6727800C02E73 /* XCRemoteSwiftPackageReference "firebase-ios-sdk" */;
			productName = FirebaseDatabase;
		};
		4BFF3B0A2BB6727800C02E73 /* FirebaseDatabaseSwift */ = {
			isa = XCSwiftPackageProductDependency;
			package = 4BFF3AF52BB6727800C02E73 /* XCRemoteSwiftPackageReference "firebase-ios-sdk" */;
			productName = FirebaseDatabaseSwift;
		};
		4BFF3B0C2BB6727800C02E73 /* FirebaseDynamicLinks */ = {
			isa = XCSwiftPackageProductDependency;
			package = 4BFF3AF52BB6727800C02E73 /* XCRemoteSwiftPackageReference "firebase-ios-sdk" */;
			productName = FirebaseDynamicLinks;
		};
		4BFF3B0E2BB6727800C02E73 /* FirebaseFirestore */ = {
			isa = XCSwiftPackageProductDependency;
			package = 4BFF3AF52BB6727800C02E73 /* XCRemoteSwiftPackageReference "firebase-ios-sdk" */;
			productName = FirebaseFirestore;
		};
		4BFF3B102BB6727800C02E73 /* FirebaseFirestoreCombine-Community */ = {
			isa = XCSwiftPackageProductDependency;
			package = 4BFF3AF52BB6727800C02E73 /* XCRemoteSwiftPackageReference "firebase-ios-sdk" */;
			productName = "FirebaseFirestoreCombine-Community";
		};
		4BFF3B122BB6727800C02E73 /* FirebaseFirestoreSwift */ = {
			isa = XCSwiftPackageProductDependency;
			package = 4BFF3AF52BB6727800C02E73 /* XCRemoteSwiftPackageReference "firebase-ios-sdk" */;
			productName = FirebaseFirestoreSwift;
		};
		4BFF3B142BB6727800C02E73 /* FirebaseFunctions */ = {
			isa = XCSwiftPackageProductDependency;
			package = 4BFF3AF52BB6727800C02E73 /* XCRemoteSwiftPackageReference "firebase-ios-sdk" */;
			productName = FirebaseFunctions;
		};
		4BFF3B162BB6727800C02E73 /* FirebaseFunctionsCombine-Community */ = {
			isa = XCSwiftPackageProductDependency;
			package = 4BFF3AF52BB6727800C02E73 /* XCRemoteSwiftPackageReference "firebase-ios-sdk" */;
			productName = "FirebaseFunctionsCombine-Community";
		};
		4BFF3B182BB6727800C02E73 /* FirebaseInAppMessaging-Beta */ = {
			isa = XCSwiftPackageProductDependency;
			package = 4BFF3AF52BB6727800C02E73 /* XCRemoteSwiftPackageReference "firebase-ios-sdk" */;
			productName = "FirebaseInAppMessaging-Beta";
		};
		4BFF3B1A2BB6727800C02E73 /* FirebaseInAppMessagingSwift-Beta */ = {
			isa = XCSwiftPackageProductDependency;
			package = 4BFF3AF52BB6727800C02E73 /* XCRemoteSwiftPackageReference "firebase-ios-sdk" */;
			productName = "FirebaseInAppMessagingSwift-Beta";
		};
		4BFF3B1C2BB6727800C02E73 /* FirebaseInstallations */ = {
			isa = XCSwiftPackageProductDependency;
			package = 4BFF3AF52BB6727800C02E73 /* XCRemoteSwiftPackageReference "firebase-ios-sdk" */;
			productName = FirebaseInstallations;
		};
		4BFF3B1E2BB6727800C02E73 /* FirebaseMLModelDownloader */ = {
			isa = XCSwiftPackageProductDependency;
			package = 4BFF3AF52BB6727800C02E73 /* XCRemoteSwiftPackageReference "firebase-ios-sdk" */;
			productName = FirebaseMLModelDownloader;
		};
		4BFF3B202BB6727800C02E73 /* FirebaseMessaging */ = {
			isa = XCSwiftPackageProductDependency;
			package = 4BFF3AF52BB6727800C02E73 /* XCRemoteSwiftPackageReference "firebase-ios-sdk" */;
			productName = FirebaseMessaging;
		};
		4BFF3B222BB6727800C02E73 /* FirebasePerformance */ = {
			isa = XCSwiftPackageProductDependency;
			package = 4BFF3AF52BB6727800C02E73 /* XCRemoteSwiftPackageReference "firebase-ios-sdk" */;
			productName = FirebasePerformance;
		};
		4BFF3B242BB6727800C02E73 /* FirebaseRemoteConfig */ = {
			isa = XCSwiftPackageProductDependency;
			package = 4BFF3AF52BB6727800C02E73 /* XCRemoteSwiftPackageReference "firebase-ios-sdk" */;
			productName = FirebaseRemoteConfig;
		};
		4BFF3B262BB6727800C02E73 /* FirebaseRemoteConfigSwift */ = {
			isa = XCSwiftPackageProductDependency;
			package = 4BFF3AF52BB6727800C02E73 /* XCRemoteSwiftPackageReference "firebase-ios-sdk" */;
			productName = FirebaseRemoteConfigSwift;
		};
		4BFF3B282BB6727800C02E73 /* FirebaseStorage */ = {
			isa = XCSwiftPackageProductDependency;
			package = 4BFF3AF52BB6727800C02E73 /* XCRemoteSwiftPackageReference "firebase-ios-sdk" */;
			productName = FirebaseStorage;
		};
		4BFF3B2A2BB6727800C02E73 /* FirebaseStorageCombine-Community */ = {
			isa = XCSwiftPackageProductDependency;
			package = 4BFF3AF52BB6727800C02E73 /* XCRemoteSwiftPackageReference "firebase-ios-sdk" */;
			productName = "FirebaseStorageCombine-Community";
		};
/* End XCSwiftPackageProductDependency section */
	};
	rootObject = 84E0BD492544496F00438F06 /* Project object */;
}
